{
  "name": "little-discord-bot",
  "version": "0.4.2",
  "lockfileVersion": 1,
  "requires": true,
  "dependencies": {
    "async": {
      "version": "https://registry.npmjs.org/async/-/async-1.0.0.tgz",
      "integrity": "sha1-+PwEyjoTeErenhZBr5hXjPvWR6k="
    },
    "bindings": {
      "version": "https://registry.npmjs.org/bindings/-/bindings-1.2.1.tgz",
      "integrity": "sha1-FK1hE4EtLTfXLme0ystLtyZQXxE="
    },
    "colors": {
      "version": "https://registry.npmjs.org/colors/-/colors-1.0.3.tgz",
      "integrity": "sha1-BDP0TYCWgP3rYO0mDxsMJi6CpAs="
    },
    "cycle": {
      "version": "https://registry.npmjs.org/cycle/-/cycle-1.0.3.tgz",
      "integrity": "sha1-IegLK+hYD5i0aPN5QwZisEbDStI="
    },
    "debug": {
      "version": "https://registry.npmjs.org/debug/-/debug-2.6.3.tgz",
      "integrity": "sha1-D364wwll7AjHKsz6ATDIt5mEFB0=",
      "requires": {
        "ms": "https://registry.npmjs.org/ms/-/ms-0.7.2.tgz"
      }
    },
    "discord.js": {
      "version": "11.1.0",
      "resolved": "https://registry.npmjs.org/discord.js/-/discord.js-11.1.0.tgz",
      "integrity": "sha1-U1HVnjeY9TbeGXXpLK5NEa89kmY=",
      "requires": {
        "long": "3.2.0",
        "prism-media": "0.0.1",
        "snekfetch": "3.2.9",
        "tweetnacl": "https://registry.npmjs.org/tweetnacl/-/tweetnacl-0.14.5.tgz",
        "ws": "2.3.1"
      },
      "dependencies": {
        "ultron": {
          "version": "1.1.0",
          "resolved": "https://registry.npmjs.org/ultron/-/ultron-1.1.0.tgz",
          "integrity": "sha1-sHoualQagV/Go0zNRTO67DB8qGQ="
        },
        "ws": {
          "version": "2.3.1",
          "resolved": "https://registry.npmjs.org/ws/-/ws-2.3.1.tgz",
          "integrity": "sha1-a5Sz5EfLajY/eF6vlK9jWejoHIA=",
          "requires": {
            "safe-buffer": "5.0.1",
            "ultron": "1.1.0"
          }
        }
      }
    },
    "erlpack": {
      "version": "github:hammerandchisel/erlpack#ad84c69355f03770a84d4bd8a20b981dd168fcf4",
      "requires": {
        "bindings": "https://registry.npmjs.org/bindings/-/bindings-1.2.1.tgz",
        "nan": "https://registry.npmjs.org/nan/-/nan-2.5.1.tgz"
      }
    },
    "eyes": {
      "version": "https://registry.npmjs.org/eyes/-/eyes-0.1.8.tgz",
      "integrity": "sha1-Ys8SAjTGg3hdkCNIqADvPgzCC8A="
    },
    "html-entities": {
      "version": "https://registry.npmjs.org/html-entities/-/html-entities-1.2.0.tgz",
      "integrity": "sha1-QZSMr4XOgv7Tbk5qDtNxpmZDeeI="
    },
    "isstream": {
      "version": "https://registry.npmjs.org/isstream/-/isstream-0.1.2.tgz",
      "integrity": "sha1-R+Y/evVa+m+S4VAOaQ64uFKcCZo="
    },
    "long": {
      "version": "3.2.0",
      "resolved": "https://registry.npmjs.org/long/-/long-3.2.0.tgz",
      "integrity": "sha1-2CG3E4yhy1gcFymQ7xTbIAtcR0s="
    },
    "m3u8stream": {
      "version": "https://registry.npmjs.org/m3u8stream/-/m3u8stream-0.1.1.tgz",
      "integrity": "sha1-8j497R5UK/W9UnqkEVhkgaje3uY=",
      "requires": {
        "miniget": "https://registry.npmjs.org/miniget/-/miniget-1.0.0.tgz"
      }
    },
    "miniget": {
      "version": "https://registry.npmjs.org/miniget/-/miniget-1.0.0.tgz",
      "integrity": "sha1-AZdDJkszeGxFn4F9+BSCZj30lBo="
    },
    "ms": {
      "version": "https://registry.npmjs.org/ms/-/ms-0.7.2.tgz",
      "integrity": "sha1-riXPJRKziFodldfwN4aNhDESR2U="
    },
    "nan": {
      "version": "https://registry.npmjs.org/nan/-/nan-2.5.1.tgz",
      "integrity": "sha1-1bAWkSUzJql6K77p5hxV2NYDUeI="
    },
    "node-opus": {
      "version": "0.2.6",
      "resolved": "https://registry.npmjs.org/node-opus/-/node-opus-0.2.6.tgz",
      "integrity": "sha1-Gc0rmdmLyxN4YHuViYQQV/DJBZA=",
      "requires": {
        "bindings": "https://registry.npmjs.org/bindings/-/bindings-1.2.1.tgz",
        "nan": "https://registry.npmjs.org/nan/-/nan-2.5.1.tgz",
        "ogg-packet": "https://registry.npmjs.org/ogg-packet/-/ogg-packet-1.0.0.tgz"
      }
    },
    "ogg-packet": {
      "version": "https://registry.npmjs.org/ogg-packet/-/ogg-packet-1.0.0.tgz",
      "integrity": "sha1-RbiFchrI991c8iOR1CEGrlM6xng=",
      "optional": true,
      "requires": {
        "ref-struct": "https://registry.npmjs.org/ref-struct/-/ref-struct-1.1.0.tgz"
      }
    },
    "opusscript": {
      "version": "https://registry.npmjs.org/opusscript/-/opusscript-0.0.1.tgz",
      "integrity": "sha1-yPYdQwGylC7p3faLB1s+Nzt5Q90="
    },
    "prism-media": {
      "version": "0.0.1",
      "resolved": "https://registry.npmjs.org/prism-media/-/prism-media-0.0.1.tgz",
      "integrity": "sha1-o0JcnKvVDRxsAuVDlBoRiVZnvRA="
    },
    "ref": {
      "version": "https://registry.npmjs.org/ref/-/ref-1.3.4.tgz",
      "integrity": "sha1-ck0r+KyF+MjbGU09hb5u/kFrweU=",
      "optional": true,
      "requires": {
        "bindings": "https://registry.npmjs.org/bindings/-/bindings-1.2.1.tgz",
        "debug": "https://registry.npmjs.org/debug/-/debug-2.6.3.tgz",
        "nan": "https://registry.npmjs.org/nan/-/nan-2.5.1.tgz"
      }
    },
    "ref-struct": {
      "version": "https://registry.npmjs.org/ref-struct/-/ref-struct-1.1.0.tgz",
      "integrity": "sha1-XV7mWtQc78Olxf60BYcmHkee3BM=",
      "optional": true,
      "requires": {
        "debug": "https://registry.npmjs.org/debug/-/debug-2.6.3.tgz",
        "ref": "https://registry.npmjs.org/ref/-/ref-1.3.4.tgz"
      }
    },
    "safe-buffer": {
      "version": "5.0.1",
      "resolved": "https://registry.npmjs.org/safe-buffer/-/safe-buffer-5.0.1.tgz",
      "integrity": "sha1-0mPKVGls2KMGtcplUekt5XkY++c="
    },
    "sax": {
      "version": "https://registry.npmjs.org/sax/-/sax-1.2.2.tgz",
      "integrity": "sha1-/YYxojvHgmvvXYcb24c3jJVkeCg="
    },
    "snekfetch": {
      "version": "3.2.9",
      "resolved": "https://registry.npmjs.org/snekfetch/-/snekfetch-3.2.9.tgz",
      "integrity": "sha512-0ZYxGRMtgBska6uQ616F0jcPYad/sLe+uBJJ2vewD62ftEFnh6rY5mza05KoUS5UWcclMuiUfAZSf10ZYnkOZA=="
    },
    "stack-trace": {
      "version": "https://registry.npmjs.org/stack-trace/-/stack-trace-0.0.9.tgz",
      "integrity": "sha1-qPbq7KkGdMMz58Q5U/J1tFFRBpU="
    },
    "tweetnacl": {
      "version": "https://registry.npmjs.org/tweetnacl/-/tweetnacl-0.14.5.tgz",
      "integrity": "sha1-WuaBd/GS1EViadEIr6k/+HQ/T2Q="
    },
    "winston": {
      "version": "https://registry.npmjs.org/winston/-/winston-2.3.1.tgz",
      "integrity": "sha1-C0hCDZeMAYBM8CMLZIhhWYIloRk=",
      "requires": {
        "async": "https://registry.npmjs.org/async/-/async-1.0.0.tgz",
        "colors": "https://registry.npmjs.org/colors/-/colors-1.0.3.tgz",
        "cycle": "https://registry.npmjs.org/cycle/-/cycle-1.0.3.tgz",
        "eyes": "https://registry.npmjs.org/eyes/-/eyes-0.1.8.tgz",
        "isstream": "https://registry.npmjs.org/isstream/-/isstream-0.1.2.tgz",
        "stack-trace": "https://registry.npmjs.org/stack-trace/-/stack-trace-0.0.9.tgz"
      }
    },
    "ytdl-core": {
      "version": "0.13.3",
      "resolved": "https://registry.npmjs.org/ytdl-core/-/ytdl-core-0.13.3.tgz",
      "integrity": "sha1-URL7WdG3dvmbcvUiJmoPzVIlcZg=",
      "requires": {
        "html-entities": "https://registry.npmjs.org/html-entities/-/html-entities-1.2.0.tgz",
        "m3u8stream": "https://registry.npmjs.org/m3u8stream/-/m3u8stream-0.1.1.tgz",
        "miniget": "https://registry.npmjs.org/miniget/-/miniget-1.0.0.tgz",
        "sax": "https://registry.npmjs.org/sax/-/sax-1.2.2.tgz"
      }
    }
  }
}
